
Microsoft Visual Studio Solution File, Format Version 12.00
# Visual Studio 15
VisualStudioVersion = 15.0.26403.7
MinimumVisualStudioVersion = 10.0.40219.1
Project("{FAE04EC0-301F-11D3-BF4B-00C04F79EFBC}") = "imagecmp", "imagecmp\imagecmp.csproj", "{5B0957C6-78F2-4B88-BD37-E6F54A3F396B}"
EndProject
Project("{FAE04EC0-301F-11D3-BF4B-00C04F79EFBC}") = "ComparerDisplay", "ComparerDisplay\ComparerDisplay.csproj", "{004AC099-1D3D-4D15-A1C5-F5189E4DDA52}"
EndProject
Project("{FAE04EC0-301F-11D3-BF4B-00C04F79EFBC}") = "Utilities", "Utilities\Utilities.csproj", "{28A3A281-466B-4290-942A-ABA2ACC1E7DA}"
EndProject
Global
	GlobalSection(SolutionConfigurationPlatforms) = preSolution
		Debug|Any CPU = Debug|Any CPU
		Debug|x64 = Debug|x64
		Debug|x86 = Debug|x86
		Release|Any CPU = Release|Any CPU
		Release|x64 = Release|x64
		Release|x86 = Release|x86
	EndGlobalSection
	GlobalSection(ProjectConfigurationPlatforms) = postSolution
		{5B0957C6-78F2-4B88-BD37-E6F54A3F396B}.Debug|Any CPU.ActiveCfg = Debug|Any CPU
		{5B0957C6-78F2-4B88-BD37-E6F54A3F396B}.Debug|Any CPU.Build.0 = Debug|Any CPU
		{5B0957C6-78F2-4B88-BD37-E6F54A3F396B}.Debug|x64.ActiveCfg = Debug|Any CPU
		{5B0957C6-78F2-4B88-BD37-E6F54A3F396B}.Debug|x64.Build.0 = Debug|Any CPU
		{5B0957C6-78F2-4B88-BD37-E6F54A3F396B}.Debug|x86.ActiveCfg = Debug|Any CPU
		{5B0957C6-78F2-4B88-BD37-E6F54A3F396B}.Debug|x86.Build.0 = Debug|Any CPU
		{5B0957C6-78F2-4B88-BD37-E6F54A3F396B}.Release|Any CPU.ActiveCfg = Release|Any CPU
		{5B0957C6-78F2-4B88-BD37-E6F54A3F396B}.Release|Any CPU.Build.0 = Release|Any CPU
		{5B0957C6-78F2-4B88-BD37-E6F54A3F396B}.Release|x64.ActiveCfg = Release|Any CPU
		{5B0957C6-78F2-4B88-BD37-E6F54A3F396B}.Release|x64.Build.0 = Release|Any CPU
		{5B0957C6-78F2-4B88-BD37-E6F54A3F396B}.Release|x86.ActiveCfg = Release|Any CPU
		{5B0957C6-78F2-4B88-BD37-E6F54A3F396B}.Release|x86.Build.0 = Release|Any CPU
		{004AC099-1D3D-4D15-A1C5-F5189E4DDA52}.Debug|Any CPU.ActiveCfg = Debug|Any CPU
		{004AC099-1D3D-4D15-A1C5-F5189E4DDA52}.Debug|Any CPU.Build.0 = Debug|Any CPU
		{004AC099-1D3D-4D15-A1C5-F5189E4DDA52}.Debug|x64.ActiveCfg = Debug|Any CPU
		{004AC099-1D3D-4D15-A1C5-F5189E4DDA52}.Debug|x64.Build.0 = Debug|Any CPU
		{004AC099-1D3D-4D15-A1C5-F5189E4DDA52}.Debug|x86.ActiveCfg = Debug|Any CPU
		{004AC099-1D3D-4D15-A1C5-F5189E4DDA52}.Debug|x86.Build.0 = Debug|Any CPU
		{004AC099-1D3D-4D15-A1C5-F5189E4DDA52}.Release|Any CPU.ActiveCfg = Release|Any CPU
		{004AC099-1D3D-4D15-A1C5-F5189E4DDA52}.Release|Any CPU.Build.0 = Release|Any CPU
		{004AC099-1D3D-4D15-A1C5-F5189E4DDA52}.Release|x64.ActiveCfg = Release|Any CPU
		{004AC099-1D3D-4D15-A1C5-F5189E4DDA52}.Release|x64.Build.0 = Release|Any CPU
		{004AC099-1D3D-4D15-A1C5-F5189E4DDA52}.Release|x86.ActiveCfg = Release|Any CPU
		{004AC099-1D3D-4D15-A1C5-F5189E4DDA52}.Release|x86.Build.0 = Release|Any CPU
		{28A3A281-466B-4290-942A-ABA2ACC1E7DA}.Debug|Any CPU.ActiveCfg = Debug|Any CPU
		{28A3A281-466B-4290-942A-ABA2ACC1E7DA}.Debug|Any CPU.Build.0 = Debug|Any CPU
		{28A3A281-466B-4290-942A-ABA2ACC1E7DA}.Debug|x64.ActiveCfg = Debug|Any CPU
		{28A3A281-466B-4290-942A-ABA2ACC1E7DA}.Debug|x64.Build.0 = Debug|Any CPU
		{28A3A281-466B-4290-942A-ABA2ACC1E7DA}.Debug|x86.ActiveCfg = Debug|Any CPU
		{28A3A281-466B-4290-942A-ABA2ACC1E7DA}.Debug|x86.Build.0 = Debug|Any CPU
		{28A3A281-466B-4290-942A-ABA2ACC1E7DA}.Release|Any CPU.ActiveCfg = Release|Any CPU
		{28A3A281-466B-4290-942A-ABA2ACC1E7DA}.Release|Any CPU.Build.0 = Release|Any CPU
		{28A3A281-466B-4290-942A-ABA2ACC1E7DA}.Release|x64.ActiveCfg = Release|Any CPU
		{28A3A281-466B-4290-942A-ABA2ACC1E7DA}.Release|x64.Build.0 = Release|Any CPU
		{28A3A281-466B-4290-942A-ABA2ACC1E7DA}.Release|x86.ActiveCfg = Release|Any CPU
		{28A3A281-466B-4290-942A-ABA2ACC1E7DA}.Release|x86.Build.0 = Release|Any CPU
	EndGlobalSection
	GlobalSection(SolutionProperties) = preSolution
		HideSolutionNode = FALSE
	EndGlobalSection
EndGlobal
